// !$*UTF8*$!
{
	archiveVersion = 1;
	classes = {
	};
	objectVersion = 55;
	objects = {

/* Begin PBXBuildFile section */
		175D7B63285FCB0000B191E9 /* UserDefaultsManager.swift in Sources */ = {isa = PBXBuildFile; fileRef = 175D7B62285FCB0000B191E9 /* UserDefaultsManager.swift */; };
		175FC9A72857C3A50069AB14 /* AppDelegate.swift in Sources */ = {isa = PBXBuildFile; fileRef = 175FC9A62857C3A50069AB14 /* AppDelegate.swift */; };
		175FC9A92857C3A50069AB14 /* SceneDelegate.swift in Sources */ = {isa = PBXBuildFile; fileRef = 175FC9A82857C3A50069AB14 /* SceneDelegate.swift */; };
		175FC9AB2857C3A50069AB14 /* StartQuizViewController.swift in Sources */ = {isa = PBXBuildFile; fileRef = 175FC9AA2857C3A50069AB14 /* StartQuizViewController.swift */; };
		175FC9AE2857C3A50069AB14 /* Main.storyboard in Resources */ = {isa = PBXBuildFile; fileRef = 175FC9AC2857C3A50069AB14 /* Main.storyboard */; };
		175FC9B32857C3A70069AB14 /* LaunchScreen.storyboard in Resources */ = {isa = PBXBuildFile; fileRef = 175FC9B12857C3A70069AB14 /* LaunchScreen.storyboard */; };
		175FC9BB2857C6810069AB14 /* QuizViewController.swift in Sources */ = {isa = PBXBuildFile; fileRef = 175FC9BA2857C6810069AB14 /* QuizViewController.swift */; };
		175FC9BD2857C91C0069AB14 /* AnswersViewController.swift in Sources */ = {isa = PBXBuildFile; fileRef = 175FC9BC2857C91C0069AB14 /* AnswersViewController.swift */; };
		175FC9BF2857C9F10069AB14 /* RatingViewController.swift in Sources */ = {isa = PBXBuildFile; fileRef = 175FC9BE2857C9F10069AB14 /* RatingViewController.swift */; };
		17D7C412285D36B60001DE32 /* Rating.swift in Sources */ = {isa = PBXBuildFile; fileRef = 17D7C411285D36B60001DE32 /* Rating.swift */; };
		17D7C414285D7EF60001DE32 /* AnswersVerificationTableViewCell.swift in Sources */ = {isa = PBXBuildFile; fileRef = 17D7C413285D7EF60001DE32 /* AnswersVerificationTableViewCell.swift */; };
		17D7C416285EB4170001DE32 /* RatingQuizTableViewCell.swift in Sources */ = {isa = PBXBuildFile; fileRef = 17D7C415285EB4170001DE32 /* RatingQuizTableViewCell.swift */; };
		532B0121285D212E00D7F010 /* Question.swift in Sources */ = {isa = PBXBuildFile; fileRef = 532B0120285D212E00D7F010 /* Question.swift */; };
		532B0123285D227100D7F010 /* QuizBrain.swift in Sources */ = {isa = PBXBuildFile; fileRef = 532B0122285D227100D7F010 /* QuizBrain.swift */; };
		535735FA2860AA4A001EDC74 /* Alert.swift in Sources */ = {isa = PBXBuildFile; fileRef = 535735F92860AA4A001EDC74 /* Alert.swift */; };
		5357362128610286001EDC74 /* Assets.xcassets in Resources */ = {isa = PBXBuildFile; fileRef = 5357362028610286001EDC74 /* Assets.xcassets */; };
/* End PBXBuildFile section */

/* Begin PBXFileReference section */
		175D7B62285FCB0000B191E9 /* UserDefaultsManager.swift */ = {isa = PBXFileReference; lastKnownFileType = sourcecode.swift; path = UserDefaultsManager.swift; sourceTree = "<group>"; };
		175FC9A32857C3A50069AB14 /* Quiz_Itea.app */ = {isa = PBXFileReference; explicitFileType = wrapper.application; includeInIndex = 0; path = Quiz_Itea.app; sourceTree = BUILT_PRODUCTS_DIR; };
		175FC9A62857C3A50069AB14 /* AppDelegate.swift */ = {isa = PBXFileReference; lastKnownFileType = sourcecode.swift; path = AppDelegate.swift; sourceTree = "<group>"; };
		175FC9A82857C3A50069AB14 /* SceneDelegate.swift */ = {isa = PBXFileReference; lastKnownFileType = sourcecode.swift; path = SceneDelegate.swift; sourceTree = "<group>"; };
		175FC9AA2857C3A50069AB14 /* StartQuizViewController.swift */ = {isa = PBXFileReference; lastKnownFileType = sourcecode.swift; path = StartQuizViewController.swift; sourceTree = "<group>"; };
		175FC9AD2857C3A50069AB14 /* Base */ = {isa = PBXFileReference; lastKnownFileType = file.storyboard; name = Base; path = Base.lproj/Main.storyboard; sourceTree = "<group>"; };
		175FC9B22857C3A70069AB14 /* Base */ = {isa = PBXFileReference; lastKnownFileType = file.storyboard; name = Base; path = Base.lproj/LaunchScreen.storyboard; sourceTree = "<group>"; };
		175FC9B42857C3A70069AB14 /* Info.plist */ = {isa = PBXFileReference; lastKnownFileType = text.plist.xml; path = Info.plist; sourceTree = "<group>"; };
		175FC9BA2857C6810069AB14 /* QuizViewController.swift */ = {isa = PBXFileReference; lastKnownFileType = sourcecode.swift; path = QuizViewController.swift; sourceTree = "<group>"; };
		175FC9BC2857C91C0069AB14 /* AnswersViewController.swift */ = {isa = PBXFileReference; lastKnownFileType = sourcecode.swift; path = AnswersViewController.swift; sourceTree = "<group>"; };
		175FC9BE2857C9F10069AB14 /* RatingViewController.swift */ = {isa = PBXFileReference; lastKnownFileType = sourcecode.swift; path = RatingViewController.swift; sourceTree = "<group>"; };
		17D7C411285D36B60001DE32 /* Rating.swift */ = {isa = PBXFileReference; lastKnownFileType = sourcecode.swift; path = Rating.swift; sourceTree = "<group>"; };
		17D7C413285D7EF60001DE32 /* AnswersVerificationTableViewCell.swift */ = {isa = PBXFileReference; lastKnownFileType = sourcecode.swift; path = AnswersVerificationTableViewCell.swift; sourceTree = "<group>"; };
		17D7C415285EB4170001DE32 /* RatingQuizTableViewCell.swift */ = {isa = PBXFileReference; lastKnownFileType = sourcecode.swift; path = RatingQuizTableViewCell.swift; sourceTree = "<group>"; };
		532B0120285D212E00D7F010 /* Question.swift */ = {isa = PBXFileReference; lastKnownFileType = sourcecode.swift; path = Question.swift; sourceTree = "<group>"; };
		532B0122285D227100D7F010 /* QuizBrain.swift */ = {isa = PBXFileReference; lastKnownFileType = sourcecode.swift; path = QuizBrain.swift; sourceTree = "<group>"; };
		535735F92860AA4A001EDC74 /* Alert.swift */ = {isa = PBXFileReference; lastKnownFileType = sourcecode.swift; path = Alert.swift; sourceTree = "<group>"; };
		5357362028610286001EDC74 /* Assets.xcassets */ = {isa = PBXFileReference; lastKnownFileType = folder.assetcatalog; path = Assets.xcassets; sourceTree = "<group>"; };
/* End PBXFileReference section */

/* Begin PBXFrameworksBuildPhase section */
		175FC9A02857C3A50069AB14 /* Frameworks */ = {
			isa = PBXFrameworksBuildPhase;
			buildActionMask = 2147483647;
			files = (
			);
			runOnlyForDeploymentPostprocessing = 0;
		};
/* End PBXFrameworksBuildPhase section */

/* Begin PBXGroup section */
		175FC99A2857C3A50069AB14 = {
			isa = PBXGroup;
			children = (
				175FC9A52857C3A50069AB14 /* Quiz_Itea */,
				175FC9A42857C3A50069AB14 /* Products */,
			);
			sourceTree = "<group>";
		};
		175FC9A42857C3A50069AB14 /* Products */ = {
			isa = PBXGroup;
			children = (
				175FC9A32857C3A50069AB14 /* Quiz_Itea.app */,
			);
			name = Products;
			sourceTree = "<group>";
		};
		175FC9A52857C3A50069AB14 /* Quiz_Itea */ = {
			isa = PBXGroup;
			children = (
				535735FD2860B012001EDC74 /* Helpers */,
				532B011D285D20B100D7F010 /* Model */,
				532B011C285D209F00D7F010 /* View */,
				532B011B285D208B00D7F010 /* Controler */,
				17D7C417285ECBDB0001DE32 /* Cell */,
				175FC9B12857C3A70069AB14 /* LaunchScreen.storyboard */,
				175FC9B42857C3A70069AB14 /* Info.plist */,
				5357362028610286001EDC74 /* Assets.xcassets */,
				175FC9A62857C3A50069AB14 /* AppDelegate.swift */,
				175FC9A82857C3A50069AB14 /* SceneDelegate.swift */,
			);
			path = Quiz_Itea;
			sourceTree = "<group>";
		};
		17D7C417285ECBDB0001DE32 /* Cell */ = {
			isa = PBXGroup;
			children = (
				17D7C413285D7EF60001DE32 /* AnswersVerificationTableViewCell.swift */,
				17D7C415285EB4170001DE32 /* RatingQuizTableViewCell.swift */,
			);
			path = Cell;
			sourceTree = "<group>";
		};
		532B011B285D208B00D7F010 /* Controler */ = {
			isa = PBXGroup;
			children = (
				175FC9AA2857C3A50069AB14 /* StartQuizViewController.swift */,
				175FC9BA2857C6810069AB14 /* QuizViewController.swift */,
				175FC9BC2857C91C0069AB14 /* AnswersViewController.swift */,
				175FC9BE2857C9F10069AB14 /* RatingViewController.swift */,
			);
			path = Controler;
			sourceTree = "<group>";
		};
		532B011C285D209F00D7F010 /* View */ = {
			isa = PBXGroup;
			children = (
				175FC9AC2857C3A50069AB14 /* Main.storyboard */,
			);
			path = View;
			sourceTree = "<group>";
		};
		532B011D285D20B100D7F010 /* Model */ = {
			isa = PBXGroup;
			children = (
				532B0120285D212E00D7F010 /* Question.swift */,
				17D7C411285D36B60001DE32 /* Rating.swift */,
				532B0122285D227100D7F010 /* QuizBrain.swift */,
			);
			path = Model;
			sourceTree = "<group>";
		};
		535735FD2860B012001EDC74 /* Helpers */ = {
			isa = PBXGroup;
			children = (
				535735F92860AA4A001EDC74 /* Alert.swift */,
				175D7B62285FCB0000B191E9 /* UserDefaultsManager.swift */,
			);
			path = Helpers;
			sourceTree = "<group>";
		};
/* End PBXGroup section */

/* Begin PBXNativeTarget section */
		175FC9A22857C3A50069AB14 /* Quiz_Itea */ = {
			isa = PBXNativeTarget;
			buildConfigurationList = 175FC9B72857C3A70069AB14 /* Build configuration list for PBXNativeTarget "Quiz_Itea" */;
			buildPhases = (
				175FC99F2857C3A50069AB14 /* Sources */,
				175FC9A02857C3A50069AB14 /* Frameworks */,
				175FC9A12857C3A50069AB14 /* Resources */,
			);
			buildRules = (
			);
			dependencies = (
			);
			name = Quiz_Itea;
			productName = Quiz_Itea;
			productReference = 175FC9A32857C3A50069AB14 /* Quiz_Itea.app */;
			productType = "com.apple.product-type.application";
		};
/* End PBXNativeTarget section */

/* Begin PBXProject section */
		175FC99B2857C3A50069AB14 /* Project object */ = {
			isa = PBXProject;
			attributes = {
				BuildIndependentTargetsInParallel = 1;
				LastSwiftUpdateCheck = 1340;
				LastUpgradeCheck = 1340;
				TargetAttributes = {
					175FC9A22857C3A50069AB14 = {
						CreatedOnToolsVersion = 13.4.1;
					};
				};
			};
			buildConfigurationList = 175FC99E2857C3A50069AB14 /* Build configuration list for PBXProject "Quiz_Itea" */;
			compatibilityVersion = "Xcode 13.0";
			developmentRegion = en;
			hasScannedForEncodings = 0;
			knownRegions = (
				en,
				Base,
			);
			mainGroup = 175FC99A2857C3A50069AB14;
			productRefGroup = 175FC9A42857C3A50069AB14 /* Products */;
			projectDirPath = "";
			projectRoot = "";
			targets = (
				175FC9A22857C3A50069AB14 /* Quiz_Itea */,
			);
		};
/* End PBXProject section */

/* Begin PBXResourcesBuildPhase section */
		175FC9A12857C3A50069AB14 /* Resources */ = {
			isa = PBXResourcesBuildPhase;
			buildActionMask = 2147483647;
			files = (
				175FC9B32857C3A70069AB14 /* LaunchScreen.storyboard in Resources */,
				5357362128610286001EDC74 /* Assets.xcassets in Resources */,
				175FC9AE2857C3A50069AB14 /* Main.storyboard in Resources */,
			);
			runOnlyForDeploymentPostprocessing = 0;
		};
/* End PBXResourcesBuildPhase section */

/* Begin PBXSourcesBuildPhase section */
		175FC99F2857C3A50069AB14 /* Sources */ = {
			isa = PBXSourcesBuildPhase;
			buildActionMask = 2147483647;
			files = (
				175FC9AB2857C3A50069AB14 /* StartQuizViewController.swift in Sources */,
				175FC9A72857C3A50069AB14 /* AppDelegate.swift in Sources */,
				175D7B63285FCB0000B191E9 /* UserDefaultsManager.swift in Sources */,
				17D7C416285EB4170001DE32 /* RatingQuizTableViewCell.swift in Sources */,
				175FC9A92857C3A50069AB14 /* SceneDelegate.swift in Sources */,
				535735FA2860AA4A001EDC74 /* Alert.swift in Sources */,
				175FC9BF2857C9F10069AB14 /* RatingViewController.swift in Sources */,
				175FC9BB2857C6810069AB14 /* QuizViewController.swift in Sources */,
				532B0121285D212E00D7F010 /* Question.swift in Sources */,
				175FC9BD2857C91C0069AB14 /* AnswersViewController.swift in Sources */,
				17D7C412285D36B60001DE32 /* Rating.swift in Sources */,
				17D7C414285D7EF60001DE32 /* AnswersVerificationTableViewCell.swift in Sources */,
				532B0123285D227100D7F010 /* QuizBrain.swift in Sources */,
			);
			runOnlyForDeploymentPostprocessing = 0;
		};
/* End PBXSourcesBuildPhase section */

/* Begin PBXVariantGroup section */
		175FC9AC2857C3A50069AB14 /* Main.storyboard */ = {
			isa = PBXVariantGroup;
			children = (
				175FC9AD2857C3A50069AB14 /* Base */,
			);
			name = Main.storyboard;
			sourceTree = "<group>";
		};
		175FC9B12857C3A70069AB14 /* LaunchScreen.storyboard */ = {
			isa = PBXVariantGroup;
			children = (
				175FC9B22857C3A70069AB14 /* Base */,
			);
			name = LaunchScreen.storyboard;
			sourceTree = "<group>";
		};
/* End PBXVariantGroup section */

/* Begin XCBuildConfiguration section */
		175FC9B52857C3A70069AB14 /* Debug */ = {
			isa = XCBuildConfiguration;
			buildSettings = {
				ALWAYS_SEARCH_USER_PATHS = NO;
				CLANG_ANALYZER_NONNULL = YES;
				CLANG_ANALYZER_NUMBER_OBJECT_CONVERSION = YES_AGGRESSIVE;
				CLANG_CXX_LANGUAGE_STANDARD = "gnu++17";
				CLANG_ENABLE_MODULES = YES;
				CLANG_ENABLE_OBJC_ARC = YES;
				CLANG_ENABLE_OBJC_WEAK = YES;
				CLANG_WARN_BLOCK_CAPTURE_AUTORELEASING = YES;
				CLANG_WARN_BOOL_CONVERSION = YES;
				CLANG_WARN_COMMA = YES;
				CLANG_WARN_CONSTANT_CONVERSION = YES;
				CLANG_WARN_DEPRECATED_OBJC_IMPLEMENTATIONS = YES;
				CLANG_WARN_DIRECT_OBJC_ISA_USAGE = YES_ERROR;
				CLANG_WARN_DOCUMENTATION_COMMENTS = YES;
				CLANG_WARN_EMPTY_BODY = YES;
				CLANG_WARN_ENUM_CONVERSION = YES;
				CLANG_WARN_INFINITE_RECURSION = YES;
				CLANG_WARN_INT_CONVERSION = YES;
				CLANG_WARN_NON_LITERAL_NULL_CONVERSION = YES;
				CLANG_WARN_OBJC_IMPLICIT_RETAIN_SELF = YES;
				CLANG_WARN_OBJC_LITERAL_CONVERSION = YES;
				CLANG_WARN_OBJC_ROOT_CLASS = YES_ERROR;
				CLANG_WARN_QUOTED_INCLUDE_IN_FRAMEWORK_HEADER = YES;
				CLANG_WARN_RANGE_LOOP_ANALYSIS = YES;
				CLANG_WARN_STRICT_PROTOTYPES = YES;
				CLANG_WARN_SUSPICIOUS_MOVE = YES;
				CLANG_WARN_UNGUARDED_AVAILABILITY = YES_AGGRESSIVE;
				CLANG_WARN_UNREACHABLE_CODE = YES;
				CLANG_WARN__DUPLICATE_METHOD_MATCH = YES;
				COPY_PHASE_STRIP = NO;
				DEBUG_INFORMATION_FORMAT = dwarf;
				ENABLE_STRICT_OBJC_MSGSEND = YES;
				ENABLE_TESTABILITY = YES;
				GCC_C_LANGUAGE_STANDARD = gnu11;
				GCC_DYNAMIC_NO_PIC = NO;
				GCC_NO_COMMON_BLOCKS = YES;
				GCC_OPTIMIZATION_LEVEL = 0;
				GCC_PREPROCESSOR_DEFINITIONS = (
					"DEBUG=1",
					"$(inherited)",
				);
				GCC_WARN_64_TO_32_BIT_CONVERSION = YES;
				GCC_WARN_ABOUT_RETURN_TYPE = YES_ERROR;
				GCC_WARN_UNDECLARED_SELECTOR = YES;
				GCC_WARN_UNINITIALIZED_AUTOS = YES_AGGRESSIVE;
				GCC_WARN_UNUSED_FUNCTION = YES;
				GCC_WARN_UNUSED_VARIABLE = YES;
				IPHONEOS_DEPLOYMENT_TARGET = 15.0;
				MTL_ENABLE_DEBUG_INFO = INCLUDE_SOURCE;
				MTL_FAST_MATH = YES;
				ONLY_ACTIVE_ARCH = YES;
				SDKROOT = iphoneos;
				SWIFT_ACTIVE_COMPILATION_CONDITIONS = DEBUG;
				SWIFT_OPTIMIZATION_LEVEL = "-Onone";
			};
			name = Debug;
		};
		175FC9B62857C3A70069AB14 /* Release */ = {
			isa = XCBuildConfiguration;
			buildSettings = {
				ALWAYS_SEARCH_USER_PATHS = NO;
				CLANG_ANALYZER_NONNULL = YES;
				CLANG_ANALYZER_NUMBER_OBJECT_CONVERSION = YES_AGGRESSIVE;
				CLANG_CXX_LANGUAGE_STANDARD = "gnu++17";
				CLANG_ENABLE_MODULES = YES;
				CLANG_ENABLE_OBJC_ARC = YES;
				CLANG_ENABLE_OBJC_WEAK = YES;
				CLANG_WARN_BLOCK_CAPTURE_AUTORELEASING = YES;
				CLANG_WARN_BOOL_CONVERSION = YES;
				CLANG_WARN_COMMA = YES;
				CLANG_WARN_CONSTANT_CONVERSION = YES;
				CLANG_WARN_DEPRECATED_OBJC_IMPLEMENTATIONS = YES;
				CLANG_WARN_DIRECT_OBJC_ISA_USAGE = YES_ERROR;
				CLANG_WARN_DOCUMENTATION_COMMENTS = YES;
				CLANG_WARN_EMPTY_BODY = YES;
				CLANG_WARN_ENUM_CONVERSION = YES;
				CLANG_WARN_INFINITE_RECURSION = YES;
				CLANG_WARN_INT_CONVERSION = YES;
				CLANG_WARN_NON_LITERAL_NULL_CONVERSION = YES;
				CLANG_WARN_OBJC_IMPLICIT_RETAIN_SELF = YES;
				CLANG_WARN_OBJC_LITERAL_CONVERSION = YES;
				CLANG_WARN_OBJC_ROOT_CLASS = YES_ERROR;
				CLANG_WARN_QUOTED_INCLUDE_IN_FRAMEWORK_HEADER = YES;
				CLANG_WARN_RANGE_LOOP_ANALYSIS = YES;
				CLANG_WARN_STRICT_PROTOTYPES = YES;
				CLANG_WARN_SUSPICIOUS_MOVE = YES;
				CLANG_WARN_UNGUARDED_AVAILABILITY = YES_AGGRESSIVE;
				CLANG_WARN_UNREACHABLE_CODE = YES;
				CLANG_WARN__DUPLICATE_METHOD_MATCH = YES;
				COPY_PHASE_STRIP = NO;
				DEBUG_INFORMATION_FORMAT = "dwarf-with-dsym";
				ENABLE_NS_ASSERTIONS = NO;
				ENABLE_STRICT_OBJC_MSGSEND = YES;
				GCC_C_LANGUAGE_STANDARD = gnu11;
				GCC_NO_COMMON_BLOCKS = YES;
				GCC_WARN_64_TO_32_BIT_CONVERSION = YES;
				GCC_WARN_ABOUT_RETURN_TYPE = YES_ERROR;
				GCC_WARN_UNDECLARED_SELECTOR = YES;
				GCC_WARN_UNINITIALIZED_AUTOS = YES_AGGRESSIVE;
				GCC_WARN_UNUSED_FUNCTION = YES;
				GCC_WARN_UNUSED_VARIABLE = YES;
				IPHONEOS_DEPLOYMENT_TARGET = 15.0;
				MTL_ENABLE_DEBUG_INFO = NO;
				MTL_FAST_MATH = YES;
				SDKROOT = iphoneos;
				SWIFT_COMPILATION_MODE = wholemodule;
				SWIFT_OPTIMIZATION_LEVEL = "-O";
				VALIDATE_PRODUCT = YES;
			};
			name = Release;
		};
		175FC9B82857C3A70069AB14 /* Debug */ = {
			isa = XCBuildConfiguration;
			buildSettings = {
				ASSETCATALOG_COMPILER_APPICON_NAME = AppIcon;
				ASSETCATALOG_COMPILER_GLOBAL_ACCENT_COLOR_NAME = AccentColor;
				CODE_SIGN_STYLE = Automatic;
				CURRENT_PROJECT_VERSION = 1;
				GENERATE_INFOPLIST_FILE = YES;
				INFOPLIST_FILE = Quiz_Itea/Info.plist;
				INFOPLIST_KEY_UIApplicationSupportsIndirectInputEvents = YES;
				INFOPLIST_KEY_UILaunchStoryboardName = LaunchScreen;
				INFOPLIST_KEY_UIMainStoryboardFile = Main;
				INFOPLIST_KEY_UISupportedInterfaceOrientations_iPad = "UIInterfaceOrientationPortrait UIInterfaceOrientationPortraitUpsideDown UIInterfaceOrientationLandscapeLeft UIInterfaceOrientationLandscapeRight";
				INFOPLIST_KEY_UISupportedInterfaceOrientations_iPhone = "UIInterfaceOrientationPortrait UIInterfaceOrientationLandscapeLeft UIInterfaceOrientationLandscapeRight";
				IPHONEOS_DEPLOYMENT_TARGET = 15.0;
				LD_RUNPATH_SEARCH_PATHS = (
					"$(inherited)",
					"@executable_path/Frameworks",
				);
				MARKETING_VERSION = 1.0;
				PRODUCT_BUNDLE_IDENTIFIER = "com.anastasikiri.Quiz-Itea";
				PRODUCT_NAME = "$(TARGET_NAME)";
				SWIFT_EMIT_LOC_STRINGS = YES;
				SWIFT_VERSION = 5.0;
				TARGETED_DEVICE_FAMILY = "1,2";
			};
			name = Debug;
		};
		175FC9B92857C3A70069AB14 /* Release */ = {
			isa = XCBuildConfiguration;
			buildSettings = {
				ASSETCATALOG_COMPILER_APPICON_NAME = AppIcon;
				ASSETCATALOG_COMPILER_GLOBAL_ACCENT_COLOR_NAME = AccentColor;
				CODE_SIGN_STYLE = Automatic;
				CURRENT_PROJECT_VERSION = 1;
				GENERATE_INFOPLIST_FILE = YES;
				INFOPLIST_FILE = Quiz_Itea/Info.plist;
				INFOPLIST_KEY_UIApplicationSupportsIndirectInputEvents = YES;
				INFOPLIST_KEY_UILaunchStoryboardName = LaunchScreen;
				INFOPLIST_KEY_UIMainStoryboardFile = Main;
				INFOPLIST_KEY_UISupportedInterfaceOrientations_iPad = "UIInterfaceOrientationPortrait UIInterfaceOrientationPortraitUpsideDown UIInterfaceOrientationLandscapeLeft UIInterfaceOrientationLandscapeRight";
				INFOPLIST_KEY_UISupportedInterfaceOrientations_iPhone = "UIInterfaceOrientationPortrait UIInterfaceOrientationLandscapeLeft UIInterfaceOrientationLandscapeRight";
				IPHONEOS_DEPLOYMENT_TARGET = 15.0;
				LD_RUNPATH_SEARCH_PATHS = (
					"$(inherited)",
					"@executable_path/Frameworks",
				);
				MARKETING_VERSION = 1.0;
				PRODUCT_BUNDLE_IDENTIFIER = "com.anastasikiri.Quiz-Itea";
				PRODUCT_NAME = "$(TARGET_NAME)";
				SWIFT_EMIT_LOC_STRINGS = YES;
				SWIFT_VERSION = 5.0;
				TARGETED_DEVICE_FAMILY = "1,2";
			};
			name = Release;
		};
/* End XCBuildConfiguration section */

/* Begin XCConfigurationList section */
		175FC99E2857C3A50069AB14 /* Build configuration list for PBXProject "Quiz_Itea" */ = {
			isa = XCConfigurationList;
			buildConfigurations = (
				175FC9B52857C3A70069AB14 /* Debug */,
				175FC9B62857C3A70069AB14 /* Release */,
			);
			defaultConfigurationIsVisible = 0;
			defaultConfigurationName = Release;
		};
		175FC9B72857C3A70069AB14 /* Build configuration list for PBXNativeTarget "Quiz_Itea" */ = {
			isa = XCConfigurationList;
			buildConfigurations = (
				175FC9B82857C3A70069AB14 /* Debug */,
				175FC9B92857C3A70069AB14 /* Release */,
			);
			defaultConfigurationIsVisible = 0;
			defaultConfigurationName = Release;
		};
/* End XCConfigurationList section */
	};
	rootObject = 175FC99B2857C3A50069AB14 /* Project object */;
}
